// !$*UTF8*$!
{
	archiveVersion = 1;
	classes = {
	};
	objectVersion = 52;
	objects = {

/* Begin PBXBuildFile section */
		E83D3D1925EA824700A7BCF5 /* Joke_BookApp.swift in Sources */ = {isa = PBXBuildFile; fileRef = E83D3D1825EA824700A7BCF5 /* Joke_BookApp.swift */; };
		E83D3D1B25EA824700A7BCF5 /* ContentView.swift in Sources */ = {isa = PBXBuildFile; fileRef = E83D3D1A25EA824700A7BCF5 /* ContentView.swift */; };
		E83D3D1D25EA824900A7BCF5 /* Assets.xcassets in Resources */ = {isa = PBXBuildFile; fileRef = E83D3D1C25EA824900A7BCF5 /* Assets.xcassets */; };
		E83D3D2025EA824900A7BCF5 /* Preview Assets.xcassets in Resources */ = {isa = PBXBuildFile; fileRef = E83D3D1F25EA824900A7BCF5 /* Preview Assets.xcassets */; };
		E83D3D2B25EA824900A7BCF5 /* Joke_BookTests.swift in Sources */ = {isa = PBXBuildFile; fileRef = E83D3D2A25EA824900A7BCF5 /* Joke_BookTests.swift */; };
		E83D3D3625EA824900A7BCF5 /* Joke_BookUITests.swift in Sources */ = {isa = PBXBuildFile; fileRef = E83D3D3525EA824900A7BCF5 /* Joke_BookUITests.swift */; };
		E83D3D4825EA82B800A7BCF5 /* Lottie in Frameworks */ = {isa = PBXBuildFile; productRef = E83D3D4725EA82B800A7BCF5 /* Lottie */; };
		E83D3D4E25EA82F600A7BCF5 /* LottieView.swift in Sources */ = {isa = PBXBuildFile; fileRef = E83D3D4D25EA82F600A7BCF5 /* LottieView.swift */; };
		E83D3D5C25EA83DF00A7BCF5 /* WelcomeScreen.swift in Sources */ = {isa = PBXBuildFile; fileRef = E83D3D5B25EA83DF00A7BCF5 /* WelcomeScreen.swift */; };
		E83D3D6B25EA869400A7BCF5 /* book.json in Resources */ = {isa = PBXBuildFile; fileRef = E83D3D6A25EA869400A7BCF5 /* book.json */; };
		E83D3D7025EA91CD00A7BCF5 /* WelcomeTitle.swift in Sources */ = {isa = PBXBuildFile; fileRef = E83D3D6F25EA91CD00A7BCF5 /* WelcomeTitle.swift */; };
		E83D3D7525EA939100A7BCF5 /* Extensions.swift in Sources */ = {isa = PBXBuildFile; fileRef = E83D3D7425EA939100A7BCF5 /* Extensions.swift */; };
		E83D3D8B25EA96BD00A7BCF5 /* AppSettings.swift in Sources */ = {isa = PBXBuildFile; fileRef = E83D3D8A25EA96BD00A7BCF5 /* AppSettings.swift */; };
		E83D3D9625EAA02700A7BCF5 /* JokesScreen.swift in Sources */ = {isa = PBXBuildFile; fileRef = E83D3D9525EAA02700A7BCF5 /* JokesScreen.swift */; };
		E83D3DA125EAA0B000A7BCF5 /* Joke.swift in Sources */ = {isa = PBXBuildFile; fileRef = E83D3DA025EAA0B000A7BCF5 /* Joke.swift */; };
		E83D3DA625EAA10500A7BCF5 /* JokeViewModel.swift in Sources */ = {isa = PBXBuildFile; fileRef = E83D3DA525EAA10500A7BCF5 /* JokeViewModel.swift */; };
		E83D3DAC25EAA13900A7BCF5 /* Api.swift in Sources */ = {isa = PBXBuildFile; fileRef = E83D3DAB25EAA13900A7BCF5 /* Api.swift */; };
		E83D3DB125EAA16700A7BCF5 /* JokeApi.swift in Sources */ = {isa = PBXBuildFile; fileRef = E83D3DB025EAA16700A7BCF5 /* JokeApi.swift */; };
		E83D3DB625EAA7EA00A7BCF5 /* JokeDetailScreen.swift in Sources */ = {isa = PBXBuildFile; fileRef = E83D3DB525EAA7EA00A7BCF5 /* JokeDetailScreen.swift */; };
		E866FDD325EC1A9100AFABA1 /* ButtonModifier.swift in Sources */ = {isa = PBXBuildFile; fileRef = E866FDD225EC1A9100AFABA1 /* ButtonModifier.swift */; };
		E87FD0DE25EB8A8F00F9CDFB /* JokesList.swift in Sources */ = {isa = PBXBuildFile; fileRef = E87FD0DD25EB8A8F00F9CDFB /* JokesList.swift */; };
		E87FD0E425EB8DC700F9CDFB /* MainTabbar.swift in Sources */ = {isa = PBXBuildFile; fileRef = E87FD0E325EB8DC700F9CDFB /* MainTabbar.swift */; };
		E87FD0EC25EBB72700F9CDFB /* Store.swift in Sources */ = {isa = PBXBuildFile; fileRef = E87FD0EB25EBB72700F9CDFB /* Store.swift */; };
/* End PBXBuildFile section */

/* Begin PBXContainerItemProxy section */
		E83D3D2725EA824900A7BCF5 /* PBXContainerItemProxy */ = {
			isa = PBXContainerItemProxy;
			containerPortal = E83D3D0D25EA824700A7BCF5 /* Project object */;
			proxyType = 1;
			remoteGlobalIDString = E83D3D1425EA824700A7BCF5;
			remoteInfo = "Joke Book";
		};
		E83D3D3225EA824900A7BCF5 /* PBXContainerItemProxy */ = {
			isa = PBXContainerItemProxy;
			containerPortal = E83D3D0D25EA824700A7BCF5 /* Project object */;
			proxyType = 1;
			remoteGlobalIDString = E83D3D1425EA824700A7BCF5;
			remoteInfo = "Joke Book";
		};
/* End PBXContainerItemProxy section */

/* Begin PBXFileReference section */
		E83D3D1525EA824700A7BCF5 /* Joke Book.app */ = {isa = PBXFileReference; explicitFileType = wrapper.application; includeInIndex = 0; path = "Joke Book.app"; sourceTree = BUILT_PRODUCTS_DIR; };
		E83D3D1825EA824700A7BCF5 /* Joke_BookApp.swift */ = {isa = PBXFileReference; lastKnownFileType = sourcecode.swift; path = Joke_BookApp.swift; sourceTree = "<group>"; };
		E83D3D1A25EA824700A7BCF5 /* ContentView.swift */ = {isa = PBXFileReference; lastKnownFileType = sourcecode.swift; path = ContentView.swift; sourceTree = "<group>"; };
		E83D3D1C25EA824900A7BCF5 /* Assets.xcassets */ = {isa = PBXFileReference; lastKnownFileType = folder.assetcatalog; path = Assets.xcassets; sourceTree = "<group>"; };
		E83D3D1F25EA824900A7BCF5 /* Preview Assets.xcassets */ = {isa = PBXFileReference; lastKnownFileType = folder.assetcatalog; path = "Preview Assets.xcassets"; sourceTree = "<group>"; };
		E83D3D2125EA824900A7BCF5 /* Info.plist */ = {isa = PBXFileReference; lastKnownFileType = text.plist.xml; path = Info.plist; sourceTree = "<group>"; };
		E83D3D2625EA824900A7BCF5 /* Joke BookTests.xctest */ = {isa = PBXFileReference; explicitFileType = wrapper.cfbundle; includeInIndex = 0; path = "Joke BookTests.xctest"; sourceTree = BUILT_PRODUCTS_DIR; };
		E83D3D2A25EA824900A7BCF5 /* Joke_BookTests.swift */ = {isa = PBXFileReference; lastKnownFileType = sourcecode.swift; path = Joke_BookTests.swift; sourceTree = "<group>"; };
		E83D3D2C25EA824900A7BCF5 /* Info.plist */ = {isa = PBXFileReference; lastKnownFileType = text.plist.xml; path = Info.plist; sourceTree = "<group>"; };
		E83D3D3125EA824900A7BCF5 /* Joke BookUITests.xctest */ = {isa = PBXFileReference; explicitFileType = wrapper.cfbundle; includeInIndex = 0; path = "Joke BookUITests.xctest"; sourceTree = BUILT_PRODUCTS_DIR; };
		E83D3D3525EA824900A7BCF5 /* Joke_BookUITests.swift */ = {isa = PBXFileReference; lastKnownFileType = sourcecode.swift; path = Joke_BookUITests.swift; sourceTree = "<group>"; };
		E83D3D3725EA824900A7BCF5 /* Info.plist */ = {isa = PBXFileReference; lastKnownFileType = text.plist.xml; path = Info.plist; sourceTree = "<group>"; };
		E83D3D4D25EA82F600A7BCF5 /* LottieView.swift */ = {isa = PBXFileReference; lastKnownFileType = sourcecode.swift; path = LottieView.swift; sourceTree = "<group>"; };
		E83D3D5B25EA83DF00A7BCF5 /* WelcomeScreen.swift */ = {isa = PBXFileReference; lastKnownFileType = sourcecode.swift; path = WelcomeScreen.swift; sourceTree = "<group>"; };
		E83D3D6A25EA869400A7BCF5 /* book.json */ = {isa = PBXFileReference; fileEncoding = 4; lastKnownFileType = text.json; path = book.json; sourceTree = "<group>"; };
		E83D3D6F25EA91CD00A7BCF5 /* WelcomeTitle.swift */ = {isa = PBXFileReference; lastKnownFileType = sourcecode.swift; path = WelcomeTitle.swift; sourceTree = "<group>"; };
		E83D3D7425EA939100A7BCF5 /* Extensions.swift */ = {isa = PBXFileReference; lastKnownFileType = sourcecode.swift; path = Extensions.swift; sourceTree = "<group>"; };
		E83D3D8A25EA96BD00A7BCF5 /* AppSettings.swift */ = {isa = PBXFileReference; lastKnownFileType = sourcecode.swift; path = AppSettings.swift; sourceTree = "<group>"; };
		E83D3D9525EAA02700A7BCF5 /* JokesScreen.swift */ = {isa = PBXFileReference; lastKnownFileType = sourcecode.swift; path = JokesScreen.swift; sourceTree = "<group>"; };
		E83D3DA025EAA0B000A7BCF5 /* Joke.swift */ = {isa = PBXFileReference; lastKnownFileType = sourcecode.swift; path = Joke.swift; sourceTree = "<group>"; };
		E83D3DA525EAA10500A7BCF5 /* JokeViewModel.swift */ = {isa = PBXFileReference; lastKnownFileType = sourcecode.swift; path = JokeViewModel.swift; sourceTree = "<group>"; };
		E83D3DAB25EAA13900A7BCF5 /* Api.swift */ = {isa = PBXFileReference; lastKnownFileType = sourcecode.swift; path = Api.swift; sourceTree = "<group>"; };
		E83D3DB025EAA16700A7BCF5 /* JokeApi.swift */ = {isa = PBXFileReference; lastKnownFileType = sourcecode.swift; path = JokeApi.swift; sourceTree = "<group>"; };
		E83D3DB525EAA7EA00A7BCF5 /* JokeDetailScreen.swift */ = {isa = PBXFileReference; lastKnownFileType = sourcecode.swift; path = JokeDetailScreen.swift; sourceTree = "<group>"; };
		E866FDD225EC1A9100AFABA1 /* ButtonModifier.swift */ = {isa = PBXFileReference; lastKnownFileType = sourcecode.swift; path = ButtonModifier.swift; sourceTree = "<group>"; };
		E87FD0DD25EB8A8F00F9CDFB /* JokesList.swift */ = {isa = PBXFileReference; lastKnownFileType = sourcecode.swift; path = JokesList.swift; sourceTree = "<group>"; };
		E87FD0E325EB8DC700F9CDFB /* MainTabbar.swift */ = {isa = PBXFileReference; lastKnownFileType = sourcecode.swift; path = MainTabbar.swift; sourceTree = "<group>"; };
		E87FD0EB25EBB72700F9CDFB /* Store.swift */ = {isa = PBXFileReference; lastKnownFileType = sourcecode.swift; path = Store.swift; sourceTree = "<group>"; };
/* End PBXFileReference section */

/* Begin PBXFrameworksBuildPhase section */
		E83D3D1225EA824700A7BCF5 /* Frameworks */ = {
			isa = PBXFrameworksBuildPhase;
			buildActionMask = 2147483647;
			files = (
				E83D3D4825EA82B800A7BCF5 /* Lottie in Frameworks */,
			);
			runOnlyForDeploymentPostprocessing = 0;
		};
		E83D3D2325EA824900A7BCF5 /* Frameworks */ = {
			isa = PBXFrameworksBuildPhase;
			buildActionMask = 2147483647;
			files = (
			);
			runOnlyForDeploymentPostprocessing = 0;
		};
		E83D3D2E25EA824900A7BCF5 /* Frameworks */ = {
			isa = PBXFrameworksBuildPhase;
			buildActionMask = 2147483647;
			files = (
			);
			runOnlyForDeploymentPostprocessing = 0;
		};
/* End PBXFrameworksBuildPhase section */

/* Begin PBXGroup section */
		E83D3D0C25EA824700A7BCF5 = {
			isa = PBXGroup;
			children = (
				E83D3D1725EA824700A7BCF5 /* Joke Book */,
				E83D3D2925EA824900A7BCF5 /* Joke BookTests */,
				E83D3D3425EA824900A7BCF5 /* Joke BookUITests */,
				E83D3D1625EA824700A7BCF5 /* Products */,
			);
			sourceTree = "<group>";
		};
		E83D3D1625EA824700A7BCF5 /* Products */ = {
			isa = PBXGroup;
			children = (
				E83D3D1525EA824700A7BCF5 /* Joke Book.app */,
				E83D3D2625EA824900A7BCF5 /* Joke BookTests.xctest */,
				E83D3D3125EA824900A7BCF5 /* Joke BookUITests.xctest */,
			);
			name = Products;
			sourceTree = "<group>";
		};
		E83D3D1725EA824700A7BCF5 /* Joke Book */ = {
			isa = PBXGroup;
			children = (
				E87FD0E225EB8DAE00F9CDFB /* Navigation */,
				E83D3DAA25EAA12900A7BCF5 /* Services */,
				E83D3D9A25EAA07B00A7BCF5 /* Models */,
				E83D3D6925EA868300A7BCF5 /* Lottie */,
				E83D3D5A25EA83CB00A7BCF5 /* Screens */,
				E83D3D4C25EA82E100A7BCF5 /* components */,
				E83D3D1825EA824700A7BCF5 /* Joke_BookApp.swift */,
				E83D3D1A25EA824700A7BCF5 /* ContentView.swift */,
				E83D3D1C25EA824900A7BCF5 /* Assets.xcassets */,
				E83D3D2125EA824900A7BCF5 /* Info.plist */,
				E83D3D1E25EA824900A7BCF5 /* Preview Content */,
				E83D3D7425EA939100A7BCF5 /* Extensions.swift */,
				E83D3D8A25EA96BD00A7BCF5 /* AppSettings.swift */,
				E87FD0EB25EBB72700F9CDFB /* Store.swift */,
			);
			path = "Joke Book";
			sourceTree = "<group>";
		};
		E83D3D1E25EA824900A7BCF5 /* Preview Content */ = {
			isa = PBXGroup;
			children = (
				E83D3D1F25EA824900A7BCF5 /* Preview Assets.xcassets */,
			);
			path = "Preview Content";
			sourceTree = "<group>";
		};
		E83D3D2925EA824900A7BCF5 /* Joke BookTests */ = {
			isa = PBXGroup;
			children = (
				E83D3D2A25EA824900A7BCF5 /* Joke_BookTests.swift */,
				E83D3D2C25EA824900A7BCF5 /* Info.plist */,
			);
			path = "Joke BookTests";
			sourceTree = "<group>";
		};
		E83D3D3425EA824900A7BCF5 /* Joke BookUITests */ = {
			isa = PBXGroup;
			children = (
				E83D3D3525EA824900A7BCF5 /* Joke_BookUITests.swift */,
				E83D3D3725EA824900A7BCF5 /* Info.plist */,
			);
			path = "Joke BookUITests";
			sourceTree = "<group>";
		};
		E83D3D4C25EA82E100A7BCF5 /* components */ = {
			isa = PBXGroup;
			children = (
				E83D3D4D25EA82F600A7BCF5 /* LottieView.swift */,
				E83D3D6F25EA91CD00A7BCF5 /* WelcomeTitle.swift */,
				E87FD0DD25EB8A8F00F9CDFB /* JokesList.swift */,
				E866FDD225EC1A9100AFABA1 /* ButtonModifier.swift */,
			);
			path = components;
			sourceTree = "<group>";
		};
		E83D3D5A25EA83CB00A7BCF5 /* Screens */ = {
			isa = PBXGroup;
			children = (
				E83D3D5B25EA83DF00A7BCF5 /* WelcomeScreen.swift */,
				E83D3D9525EAA02700A7BCF5 /* JokesScreen.swift */,
				E83D3DB525EAA7EA00A7BCF5 /* JokeDetailScreen.swift */,
			);
			path = Screens;
			sourceTree = "<group>";
		};
		E83D3D6925EA868300A7BCF5 /* Lottie */ = {
			isa = PBXGroup;
			children = (
				E83D3D6A25EA869400A7BCF5 /* book.json */,
			);
			path = Lottie;
			sourceTree = "<group>";
		};
		E83D3D9A25EAA07B00A7BCF5 /* Models */ = {
			isa = PBXGroup;
			children = (
				E83D3DA025EAA0B000A7BCF5 /* Joke.swift */,
				E83D3DA525EAA10500A7BCF5 /* JokeViewModel.swift */,
			);
			path = Models;
			sourceTree = "<group>";
		};
		E83D3DAA25EAA12900A7BCF5 /* Services */ = {
			isa = PBXGroup;
			children = (
				E83D3DAB25EAA13900A7BCF5 /* Api.swift */,
				E83D3DB025EAA16700A7BCF5 /* JokeApi.swift */,
			);
			path = Services;
			sourceTree = "<group>";
		};
		E87FD0E225EB8DAE00F9CDFB /* Navigation */ = {
			isa = PBXGroup;
			children = (
				E87FD0E325EB8DC700F9CDFB /* MainTabbar.swift */,
			);
			path = Navigation;
			sourceTree = "<group>";
		};
/* End PBXGroup section */

/* Begin PBXNativeTarget section */
		E83D3D1425EA824700A7BCF5 /* Joke Book */ = {
			isa = PBXNativeTarget;
			buildConfigurationList = E83D3D3A25EA824900A7BCF5 /* Build configuration list for PBXNativeTarget "Joke Book" */;
			buildPhases = (
				E83D3D1125EA824700A7BCF5 /* Sources */,
				E83D3D1225EA824700A7BCF5 /* Frameworks */,
				E83D3D1325EA824700A7BCF5 /* Resources */,
			);
			buildRules = (
			);
			dependencies = (
			);
			name = "Joke Book";
			packageProductDependencies = (
				E83D3D4725EA82B800A7BCF5 /* Lottie */,
			);
			productName = "Joke Book";
			productReference = E83D3D1525EA824700A7BCF5 /* Joke Book.app */;
			productType = "com.apple.product-type.application";
		};
		E83D3D2525EA824900A7BCF5 /* Joke BookTests */ = {
			isa = PBXNativeTarget;
			buildConfigurationList = E83D3D3D25EA824900A7BCF5 /* Build configuration list for PBXNativeTarget "Joke BookTests" */;
			buildPhases = (
				E83D3D2225EA824900A7BCF5 /* Sources */,
				E83D3D2325EA824900A7BCF5 /* Frameworks */,
				E83D3D2425EA824900A7BCF5 /* Resources */,
			);
			buildRules = (
			);
			dependencies = (
				E83D3D2825EA824900A7BCF5 /* PBXTargetDependency */,
			);
			name = "Joke BookTests";
			productName = "Joke BookTests";
			productReference = E83D3D2625EA824900A7BCF5 /* Joke BookTests.xctest */;
			productType = "com.apple.product-type.bundle.unit-test";
		};
		E83D3D3025EA824900A7BCF5 /* Joke BookUITests */ = {
			isa = PBXNativeTarget;
			buildConfigurationList = E83D3D4025EA824900A7BCF5 /* Build configuration list for PBXNativeTarget "Joke BookUITests" */;
			buildPhases = (
				E83D3D2D25EA824900A7BCF5 /* Sources */,
				E83D3D2E25EA824900A7BCF5 /* Frameworks */,
				E83D3D2F25EA824900A7BCF5 /* Resources */,
			);
			buildRules = (
			);
			dependencies = (
				E83D3D3325EA824900A7BCF5 /* PBXTargetDependency */,
			);
			name = "Joke BookUITests";
			productName = "Joke BookUITests";
			productReference = E83D3D3125EA824900A7BCF5 /* Joke BookUITests.xctest */;
			productType = "com.apple.product-type.bundle.ui-testing";
		};
/* End PBXNativeTarget section */

/* Begin PBXProject section */
		E83D3D0D25EA824700A7BCF5 /* Project object */ = {
			isa = PBXProject;
			attributes = {
				LastSwiftUpdateCheck = 1240;
				LastUpgradeCheck = 1240;
				TargetAttributes = {
					E83D3D1425EA824700A7BCF5 = {
						CreatedOnToolsVersion = 12.4;
					};
					E83D3D2525EA824900A7BCF5 = {
						CreatedOnToolsVersion = 12.4;
						TestTargetID = E83D3D1425EA824700A7BCF5;
					};
					E83D3D3025EA824900A7BCF5 = {
						CreatedOnToolsVersion = 12.4;
						TestTargetID = E83D3D1425EA824700A7BCF5;
					};
				};
			};
			buildConfigurationList = E83D3D1025EA824700A7BCF5 /* Build configuration list for PBXProject "Joke Book" */;
			compatibilityVersion = "Xcode 9.3";
			developmentRegion = en;
			hasScannedForEncodings = 0;
			knownRegions = (
				en,
				Base,
			);
			mainGroup = E83D3D0C25EA824700A7BCF5;
			packageReferences = (
				E83D3D4625EA82B800A7BCF5 /* XCRemoteSwiftPackageReference "lottie-ios" */,
			);
			productRefGroup = E83D3D1625EA824700A7BCF5 /* Products */;
			projectDirPath = "";
			projectRoot = "";
			targets = (
				E83D3D1425EA824700A7BCF5 /* Joke Book */,
				E83D3D2525EA824900A7BCF5 /* Joke BookTests */,
				E83D3D3025EA824900A7BCF5 /* Joke BookUITests */,
			);
		};
/* End PBXProject section */

/* Begin PBXResourcesBuildPhase section */
		E83D3D1325EA824700A7BCF5 /* Resources */ = {
			isa = PBXResourcesBuildPhase;
			buildActionMask = 2147483647;
			files = (
				E83D3D2025EA824900A7BCF5 /* Preview Assets.xcassets in Resources */,
				E83D3D1D25EA824900A7BCF5 /* Assets.xcassets in Resources */,
				E83D3D6B25EA869400A7BCF5 /* book.json in Resources */,
			);
			runOnlyForDeploymentPostprocessing = 0;
		};
		E83D3D2425EA824900A7BCF5 /* Resources */ = {
			isa = PBXResourcesBuildPhase;
			buildActionMask = 2147483647;
			files = (
			);
			runOnlyForDeploymentPostprocessing = 0;
		};
		E83D3D2F25EA824900A7BCF5 /* Resources */ = {
			isa = PBXResourcesBuildPhase;
			buildActionMask = 2147483647;
			files = (
			);
			runOnlyForDeploymentPostprocessing = 0;
		};
/* End PBXResourcesBuildPhase section */

/* Begin PBXSourcesBuildPhase section */
		E83D3D1125EA824700A7BCF5 /* Sources */ = {
			isa = PBXSourcesBuildPhase;
			buildActionMask = 2147483647;
			files = (
				E83D3DA125EAA0B000A7BCF5 /* Joke.swift in Sources */,
				E83D3D1B25EA824700A7BCF5 /* ContentView.swift in Sources */,
				E87FD0DE25EB8A8F00F9CDFB /* JokesList.swift in Sources */,
				E87FD0EC25EBB72700F9CDFB /* Store.swift in Sources */,
				E83D3D9625EAA02700A7BCF5 /* JokesScreen.swift in Sources */,
				E83D3DB625EAA7EA00A7BCF5 /* JokeDetailScreen.swift in Sources */,
				E87FD0E425EB8DC700F9CDFB /* MainTabbar.swift in Sources */,
				E83D3D7525EA939100A7BCF5 /* Extensions.swift in Sources */,
				E83D3DAC25EAA13900A7BCF5 /* Api.swift in Sources */,
				E83D3D7025EA91CD00A7BCF5 /* WelcomeTitle.swift in Sources */,
				E83D3DA625EAA10500A7BCF5 /* JokeViewModel.swift in Sources */,
				E83D3DB125EAA16700A7BCF5 /* JokeApi.swift in Sources */,
				E83D3D1925EA824700A7BCF5 /* Joke_BookApp.swift in Sources */,
				E83D3D5C25EA83DF00A7BCF5 /* WelcomeScreen.swift in Sources */,
				E866FDD325EC1A9100AFABA1 /* ButtonModifier.swift in Sources */,
				E83D3D8B25EA96BD00A7BCF5 /* AppSettings.swift in Sources */,
				E83D3D4E25EA82F600A7BCF5 /* LottieView.swift in Sources */,
			);
			runOnlyForDeploymentPostprocessing = 0;
		};
		E83D3D2225EA824900A7BCF5 /* Sources */ = {
			isa = PBXSourcesBuildPhase;
			buildActionMask = 2147483647;
			files = (
				E83D3D2B25EA824900A7BCF5 /* Joke_BookTests.swift in Sources */,
			);
			runOnlyForDeploymentPostprocessing = 0;
		};
		E83D3D2D25EA824900A7BCF5 /* Sources */ = {
			isa = PBXSourcesBuildPhase;
			buildActionMask = 2147483647;
			files = (
				E83D3D3625EA824900A7BCF5 /* Joke_BookUITests.swift in Sources */,
			);
			runOnlyForDeploymentPostprocessing = 0;
		};
/* End PBXSourcesBuildPhase section */

/* Begin PBXTargetDependency section */
		E83D3D2825EA824900A7BCF5 /* PBXTargetDependency */ = {
			isa = PBXTargetDependency;
			target = E83D3D1425EA824700A7BCF5 /* Joke Book */;
			targetProxy = E83D3D2725EA824900A7BCF5 /* PBXContainerItemProxy */;
		};
		E83D3D3325EA824900A7BCF5 /* PBXTargetDependency */ = {
			isa = PBXTargetDependency;
			target = E83D3D1425EA824700A7BCF5 /* Joke Book */;
			targetProxy = E83D3D3225EA824900A7BCF5 /* PBXContainerItemProxy */;
		};
/* End PBXTargetDependency section */

/* Begin XCBuildConfiguration section */
		E83D3D3825EA824900A7BCF5 /* Debug */ = {
			isa = XCBuildConfiguration;
			buildSettings = {
				ALWAYS_SEARCH_USER_PATHS = NO;
				CLANG_ANALYZER_NONNULL = YES;
				CLANG_ANALYZER_NUMBER_OBJECT_CONVERSION = YES_AGGRESSIVE;
				CLANG_CXX_LANGUAGE_STANDARD = "gnu++14";
				CLANG_CXX_LIBRARY = "libc++";
				CLANG_ENABLE_MODULES = YES;
				CLANG_ENABLE_OBJC_ARC = YES;
				CLANG_ENABLE_OBJC_WEAK = YES;
				CLANG_WARN_BLOCK_CAPTURE_AUTORELEASING = YES;
				CLANG_WARN_BOOL_CONVERSION = YES;
				CLANG_WARN_COMMA = YES;
				CLANG_WARN_CONSTANT_CONVERSION = YES;
				CLANG_WARN_DEPRECATED_OBJC_IMPLEMENTATIONS = YES;
				CLANG_WARN_DIRECT_OBJC_ISA_USAGE = YES_ERROR;
				CLANG_WARN_DOCUMENTATION_COMMENTS = YES;
				CLANG_WARN_EMPTY_BODY = YES;
				CLANG_WARN_ENUM_CONVERSION = YES;
				CLANG_WARN_INFINITE_RECURSION = YES;
				CLANG_WARN_INT_CONVERSION = YES;
				CLANG_WARN_NON_LITERAL_NULL_CONVERSION = YES;
				CLANG_WARN_OBJC_IMPLICIT_RETAIN_SELF = YES;
				CLANG_WARN_OBJC_LITERAL_CONVERSION = YES;
				CLANG_WARN_OBJC_ROOT_CLASS = YES_ERROR;
				CLANG_WARN_QUOTED_INCLUDE_IN_FRAMEWORK_HEADER = YES;
				CLANG_WARN_RANGE_LOOP_ANALYSIS = YES;
				CLANG_WARN_STRICT_PROTOTYPES = YES;
				CLANG_WARN_SUSPICIOUS_MOVE = YES;
				CLANG_WARN_UNGUARDED_AVAILABILITY = YES_AGGRESSIVE;
				CLANG_WARN_UNREACHABLE_CODE = YES;
				CLANG_WARN__DUPLICATE_METHOD_MATCH = YES;
				COPY_PHASE_STRIP = NO;
				DEAD_CODE_STRIPPING = YES;
				DEBUG_INFORMATION_FORMAT = dwarf;
				ENABLE_STRICT_OBJC_MSGSEND = YES;
				ENABLE_TESTABILITY = YES;
				GCC_C_LANGUAGE_STANDARD = gnu11;
				GCC_DYNAMIC_NO_PIC = NO;
				GCC_NO_COMMON_BLOCKS = YES;
				GCC_OPTIMIZATION_LEVEL = 0;
				GCC_PREPROCESSOR_DEFINITIONS = (
					"DEBUG=1",
					"$(inherited)",
				);
				GCC_WARN_64_TO_32_BIT_CONVERSION = YES;
				GCC_WARN_ABOUT_RETURN_TYPE = YES_ERROR;
				GCC_WARN_UNDECLARED_SELECTOR = YES;
				GCC_WARN_UNINITIALIZED_AUTOS = YES_AGGRESSIVE;
				GCC_WARN_UNUSED_FUNCTION = YES;
				GCC_WARN_UNUSED_VARIABLE = YES;
				IPHONEOS_DEPLOYMENT_TARGET = 14.4;
				MTL_ENABLE_DEBUG_INFO = INCLUDE_SOURCE;
				MTL_FAST_MATH = YES;
				ONLY_ACTIVE_ARCH = YES;
				SDKROOT = iphoneos;
				SWIFT_ACTIVE_COMPILATION_CONDITIONS = DEBUG;
				SWIFT_OPTIMIZATION_LEVEL = "-Onone";
			};
			name = Debug;
		};
		E83D3D3925EA824900A7BCF5 /* Release */ = {
			isa = XCBuildConfiguration;
			buildSettings = {
				ALWAYS_SEARCH_USER_PATHS = NO;
				CLANG_ANALYZER_NONNULL = YES;
				CLANG_ANALYZER_NUMBER_OBJECT_CONVERSION = YES_AGGRESSIVE;
				CLANG_CXX_LANGUAGE_STANDARD = "gnu++14";
				CLANG_CXX_LIBRARY = "libc++";
				CLANG_ENABLE_MODULES = YES;
				CLANG_ENABLE_OBJC_ARC = YES;
				CLANG_ENABLE_OBJC_WEAK = YES;
				CLANG_WARN_BLOCK_CAPTURE_AUTORELEASING = YES;
				CLANG_WARN_BOOL_CONVERSION = YES;
				CLANG_WARN_COMMA = YES;
				CLANG_WARN_CONSTANT_CONVERSION = YES;
				CLANG_WARN_DEPRECATED_OBJC_IMPLEMENTATIONS = YES;
				CLANG_WARN_DIRECT_OBJC_ISA_USAGE = YES_ERROR;
				CLANG_WARN_DOCUMENTATION_COMMENTS = YES;
				CLANG_WARN_EMPTY_BODY = YES;
				CLANG_WARN_ENUM_CONVERSION = YES;
				CLANG_WARN_INFINITE_RECURSION = YES;
				CLANG_WARN_INT_CONVERSION = YES;
				CLANG_WARN_NON_LITERAL_NULL_CONVERSION = YES;
				CLANG_WARN_OBJC_IMPLICIT_RETAIN_SELF = YES;
				CLANG_WARN_OBJC_LITERAL_CONVERSION = YES;
				CLANG_WARN_OBJC_ROOT_CLASS = YES_ERROR;
				CLANG_WARN_QUOTED_INCLUDE_IN_FRAMEWORK_HEADER = YES;
				CLANG_WARN_RANGE_LOOP_ANALYSIS = YES;
				CLANG_WARN_STRICT_PROTOTYPES = YES;
				CLANG_WARN_SUSPICIOUS_MOVE = YES;
				CLANG_WARN_UNGUARDED_AVAILABILITY = YES_AGGRESSIVE;
				CLANG_WARN_UNREACHABLE_CODE = YES;
				CLANG_WARN__DUPLICATE_METHOD_MATCH = YES;
				COPY_PHASE_STRIP = NO;
				DEAD_CODE_STRIPPING = YES;
				DEBUG_INFORMATION_FORMAT = "dwarf-with-dsym";
				ENABLE_NS_ASSERTIONS = NO;
				ENABLE_STRICT_OBJC_MSGSEND = YES;
				GCC_C_LANGUAGE_STANDARD = gnu11;
				GCC_NO_COMMON_BLOCKS = YES;
				GCC_WARN_64_TO_32_BIT_CONVERSION = YES;
				GCC_WARN_ABOUT_RETURN_TYPE = YES_ERROR;
				GCC_WARN_UNDECLARED_SELECTOR = YES;
				GCC_WARN_UNINITIALIZED_AUTOS = YES_AGGRESSIVE;
				GCC_WARN_UNUSED_FUNCTION = YES;
				GCC_WARN_UNUSED_VARIABLE = YES;
				IPHONEOS_DEPLOYMENT_TARGET = 14.4;
				MTL_ENABLE_DEBUG_INFO = NO;
				MTL_FAST_MATH = YES;
				SDKROOT = iphoneos;
				SWIFT_COMPILATION_MODE = wholemodule;
				SWIFT_OPTIMIZATION_LEVEL = "-O";
				VALIDATE_PRODUCT = YES;
			};
			name = Release;
		};
		E83D3D3B25EA824900A7BCF5 /* Debug */ = {
			isa = XCBuildConfiguration;
			buildSettings = {
				ASSETCATALOG_COMPILER_APPICON_NAME = AppIcon;
				ASSETCATALOG_COMPILER_GLOBAL_ACCENT_COLOR_NAME = AccentColor;
				CODE_SIGN_STYLE = Automatic;
				DEVELOPMENT_ASSET_PATHS = "\"Joke Book/Preview Content\"";
				DEVELOPMENT_TEAM = Z23RXW5X34;
				ENABLE_PREVIEWS = YES;
				INFOPLIST_FILE = "Joke Book/Info.plist";
				IPHONEOS_DEPLOYMENT_TARGET = 14.0;
				LD_RUNPATH_SEARCH_PATHS = (
					"$(inherited)",
					"@executable_path/Frameworks",
				);
				PRODUCT_BUNDLE_IDENTIFIER = "com.juanjosecarracedo.Joke-Book";
				PRODUCT_NAME = "$(TARGET_NAME)";
				SWIFT_VERSION = 5.0;
				TARGETED_DEVICE_FAMILY = "1,2";
			};
			name = Debug;
		};
		E83D3D3C25EA824900A7BCF5 /* Release */ = {
			isa = XCBuildConfiguration;
			buildSettings = {
				ASSETCATALOG_COMPILER_APPICON_NAME = AppIcon;
				ASSETCATALOG_COMPILER_GLOBAL_ACCENT_COLOR_NAME = AccentColor;
				CODE_SIGN_STYLE = Automatic;
				DEVELOPMENT_ASSET_PATHS = "\"Joke Book/Preview Content\"";
				DEVELOPMENT_TEAM = Z23RXW5X34;
				ENABLE_PREVIEWS = YES;
				INFOPLIST_FILE = "Joke Book/Info.plist";
				IPHONEOS_DEPLOYMENT_TARGET = 14.0;
				LD_RUNPATH_SEARCH_PATHS = (
					"$(inherited)",
					"@executable_path/Frameworks",
				);
				PRODUCT_BUNDLE_IDENTIFIER = "com.juanjosecarracedo.Joke-Book";
				PRODUCT_NAME = "$(TARGET_NAME)";
				SWIFT_VERSION = 5.0;
				TARGETED_DEVICE_FAMILY = "1,2";
			};
			name = Release;
		};
		E83D3D3E25EA824900A7BCF5 /* Debug */ = {
			isa = XCBuildConfiguration;
			buildSettings = {
				ALWAYS_EMBED_SWIFT_STANDARD_LIBRARIES = YES;
				BUNDLE_LOADER = "$(TEST_HOST)";
				CODE_SIGN_STYLE = Automatic;
				INFOPLIST_FILE = "Joke BookTests/Info.plist";
				IPHONEOS_DEPLOYMENT_TARGET = 14.0;
				LD_RUNPATH_SEARCH_PATHS = (
					"$(inherited)",
					"@executable_path/Frameworks",
					"@loader_path/Frameworks",
				);
				PRODUCT_BUNDLE_IDENTIFIER = "com.juanjosecarracedo.Joke-BookTests";
				PRODUCT_NAME = "$(TARGET_NAME)";
				SWIFT_VERSION = 5.0;
				TARGETED_DEVICE_FAMILY = "1,2";
				TEST_HOST = "$(BUILT_PRODUCTS_DIR)/Joke Book.app/Joke Book";
			};
			name = Debug;
		};
		E83D3D3F25EA824900A7BCF5 /* Release */ = {
			isa = XCBuildConfiguration;
			buildSettings = {
				ALWAYS_EMBED_SWIFT_STANDARD_LIBRARIES = YES;
				BUNDLE_LOADER = "$(TEST_HOST)";
				CODE_SIGN_STYLE = Automatic;
				INFOPLIST_FILE = "Joke BookTests/Info.plist";
				IPHONEOS_DEPLOYMENT_TARGET = 14.0;
				LD_RUNPATH_SEARCH_PATHS = (
					"$(inherited)",
					"@executable_path/Frameworks",
					"@loader_path/Frameworks",
				);
				PRODUCT_BUNDLE_IDENTIFIER = "com.juanjosecarracedo.Joke-BookTests";
				PRODUCT_NAME = "$(TARGET_NAME)";
				SWIFT_VERSION = 5.0;
				TARGETED_DEVICE_FAMILY = "1,2";
				TEST_HOST = "$(BUILT_PRODUCTS_DIR)/Joke Book.app/Joke Book";
			};
			name = Release;
		};
		E83D3D4125EA824900A7BCF5 /* Debug */ = {
			isa = XCBuildConfiguration;
			buildSettings = {
				ALWAYS_EMBED_SWIFT_STANDARD_LIBRARIES = YES;
				CODE_SIGN_STYLE = Automatic;
				INFOPLIST_FILE = "Joke BookUITests/Info.plist";
				LD_RUNPATH_SEARCH_PATHS = (
					"$(inherited)",
					"@executable_path/Frameworks",
					"@loader_path/Frameworks",
				);
				PRODUCT_BUNDLE_IDENTIFIER = "com.juanjosecarracedo.Joke-BookUITests";
				PRODUCT_NAME = "$(TARGET_NAME)";
				SWIFT_VERSION = 5.0;
				TARGETED_DEVICE_FAMILY = "1,2";
				TEST_TARGET_NAME = "Joke Book";
			};
			name = Debug;
		};
		E83D3D4225EA824900A7BCF5 /* Release */ = {
			isa = XCBuildConfiguration;
			buildSettings = {
				ALWAYS_EMBED_SWIFT_STANDARD_LIBRARIES = YES;
				CODE_SIGN_STYLE = Automatic;
				INFOPLIST_FILE = "Joke BookUITests/Info.plist";
				LD_RUNPATH_SEARCH_PATHS = (
					"$(inherited)",
					"@executable_path/Frameworks",
					"@loader_path/Frameworks",
				);
				PRODUCT_BUNDLE_IDENTIFIER = "com.juanjosecarracedo.Joke-BookUITests";
				PRODUCT_NAME = "$(TARGET_NAME)";
				SWIFT_VERSION = 5.0;
				TARGETED_DEVICE_FAMILY = "1,2";
				TEST_TARGET_NAME = "Joke Book";
			};
			name = Release;
		};
/* End XCBuildConfiguration section */

/* Begin XCConfigurationList section */
		E83D3D1025EA824700A7BCF5 /* Build configuration list for PBXProject "Joke Book" */ = {
			isa = XCConfigurationList;
			buildConfigurations = (
				E83D3D3825EA824900A7BCF5 /* Debug */,
				E83D3D3925EA824900A7BCF5 /* Release */,
			);
			defaultConfigurationIsVisible = 0;
			defaultConfigurationName = Release;
		};
		E83D3D3A25EA824900A7BCF5 /* Build configuration list for PBXNativeTarget "Joke Book" */ = {
			isa = XCConfigurationList;
			buildConfigurations = (
				E83D3D3B25EA824900A7BCF5 /* Debug */,
				E83D3D3C25EA824900A7BCF5 /* Release */,
			);
			defaultConfigurationIsVisible = 0;
			defaultConfigurationName = Release;
		};
		E83D3D3D25EA824900A7BCF5 /* Build configuration list for PBXNativeTarget "Joke BookTests" */ = {
			isa = XCConfigurationList;
			buildConfigurations = (
				E83D3D3E25EA824900A7BCF5 /* Debug */,
				E83D3D3F25EA824900A7BCF5 /* Release */,
			);
			defaultConfigurationIsVisible = 0;
			defaultConfigurationName = Release;
		};
		E83D3D4025EA824900A7BCF5 /* Build configuration list for PBXNativeTarget "Joke BookUITests" */ = {
			isa = XCConfigurationList;
			buildConfigurations = (
				E83D3D4125EA824900A7BCF5 /* Debug */,
				E83D3D4225EA824900A7BCF5 /* Release */,
			);
			defaultConfigurationIsVisible = 0;
			defaultConfigurationName = Release;
		};
/* End XCConfigurationList section */

/* Begin XCRemoteSwiftPackageReference section */
		E83D3D4625EA82B800A7BCF5 /* XCRemoteSwiftPackageReference "lottie-ios" */ = {
			isa = XCRemoteSwiftPackageReference;
			repositoryURL = "https://github.com/airbnb/lottie-ios";
			requirement = {
				kind = upToNextMajorVersion;
				minimumVersion = 3.2.1;
			};
		};
/* End XCRemoteSwiftPackageReference section */

/* Begin XCSwiftPackageProductDependency section */
		E83D3D4725EA82B800A7BCF5 /* Lottie */ = {
			isa = XCSwiftPackageProductDependency;
			package = E83D3D4625EA82B800A7BCF5 /* XCRemoteSwiftPackageReference "lottie-ios" */;
			productName = Lottie;
		};
/* End XCSwiftPackageProductDependency section */
	};
	rootObject = E83D3D0D25EA824700A7BCF5 /* Project object */;
}
